// !$*UTF8*$!
{
	archiveVersion = 1;
	classes = {
	};
	objectVersion = 56;
	objects = {

/* Begin PBXBuildFile section */
		8418F1E32BE5B1EC001E68F9 /* MainView.swift in Sources */ = {isa = PBXBuildFile; fileRef = 8418F1E22BE5B1EC001E68F9 /* MainView.swift */; };
		8418F1E82BE5B413001E68F9 /* BreedListView.swift in Sources */ = {isa = PBXBuildFile; fileRef = 8418F1E72BE5B413001E68F9 /* BreedListView.swift */; };
		8418F1EB2BE5B461001E68F9 /* FavoriteListView.swift in Sources */ = {isa = PBXBuildFile; fileRef = 8418F1EA2BE5B461001E68F9 /* FavoriteListView.swift */; };
		8418F1EE2BE6705A001E68F9 /* CardItemView.swift in Sources */ = {isa = PBXBuildFile; fileRef = 8418F1ED2BE6705A001E68F9 /* CardItemView.swift */; };
		8418F1F02BE6A99C001E68F9 /* BreedListViewModel.swift in Sources */ = {isa = PBXBuildFile; fileRef = 8418F1EF2BE6A99C001E68F9 /* BreedListViewModel.swift */; };
		841D5BC72BE4E4BE00C5EAB1 /* TheCatAppApp.swift in Sources */ = {isa = PBXBuildFile; fileRef = 841D5BC62BE4E4BE00C5EAB1 /* TheCatAppApp.swift */; };
		841D5BCB2BE4E4BF00C5EAB1 /* Assets.xcassets in Resources */ = {isa = PBXBuildFile; fileRef = 841D5BCA2BE4E4BF00C5EAB1 /* Assets.xcassets */; };
		841D5BCE2BE4E4BF00C5EAB1 /* Preview Assets.xcassets in Resources */ = {isa = PBXBuildFile; fileRef = 841D5BCD2BE4E4BF00C5EAB1 /* Preview Assets.xcassets */; };
		841D5BD72BE4F78700C5EAB1 /* NetworkService.swift in Sources */ = {isa = PBXBuildFile; fileRef = 841D5BD62BE4F78700C5EAB1 /* NetworkService.swift */; };
		841D5BD92BE5025C00C5EAB1 /* Endpoint.swift in Sources */ = {isa = PBXBuildFile; fileRef = 841D5BD82BE5025C00C5EAB1 /* Endpoint.swift */; };
		841D5BDF2BE5184C00C5EAB1 /* BreedEndpoint.swift in Sources */ = {isa = PBXBuildFile; fileRef = 841D5BDE2BE5184C00C5EAB1 /* BreedEndpoint.swift */; };
		841D5BE22BE51A5A00C5EAB1 /* BreedRepository.swift in Sources */ = {isa = PBXBuildFile; fileRef = 841D5BE12BE51A5A00C5EAB1 /* BreedRepository.swift */; };
		841D5BE52BE51C6600C5EAB1 /* Breed.swift in Sources */ = {isa = PBXBuildFile; fileRef = 841D5BE42BE51C6600C5EAB1 /* Breed.swift */; };
		841D5BE72BE5373E00C5EAB1 /* NetworkError.swift in Sources */ = {isa = PBXBuildFile; fileRef = 841D5BE62BE5373E00C5EAB1 /* NetworkError.swift */; };
		8436B1562BE8085900A3C398 /* BreedDetailsView.swift in Sources */ = {isa = PBXBuildFile; fileRef = 8436B1552BE8085900A3C398 /* BreedDetailsView.swift */; };
		8436B1582BE8086400A3C398 /* BreedDetailsViewModel.swift in Sources */ = {isa = PBXBuildFile; fileRef = 8436B1572BE8086400A3C398 /* BreedDetailsViewModel.swift */; };
		847019012BE6DA570009D39F /* CardItem.swift in Sources */ = {isa = PBXBuildFile; fileRef = 847019002BE6DA570009D39F /* CardItem.swift */; };
		847019062BE70ECB0009D39F /* ViewState.swift in Sources */ = {isa = PBXBuildFile; fileRef = 847019052BE70ECB0009D39F /* ViewState.swift */; };
		84B45F962BE7DA3800733192 /* FavoriteButton.swift in Sources */ = {isa = PBXBuildFile; fileRef = 84B45F952BE7DA3800733192 /* FavoriteButton.swift */; };
		84B8897F2BEA59FB00341C4A /* BreedPersistenceModel+CoreDataClass.swift in Sources */ = {isa = PBXBuildFile; fileRef = 84B8897D2BEA59FB00341C4A /* BreedPersistenceModel+CoreDataClass.swift */; };
		84B889802BEA59FB00341C4A /* BreedPersistenceModel+CoreDataProperties.swift in Sources */ = {isa = PBXBuildFile; fileRef = 84B8897E2BEA59FB00341C4A /* BreedPersistenceModel+CoreDataProperties.swift */; };
		84BDB1A72BEAD88000887FB9 /* StateViewModifier+ViewExt.swift in Sources */ = {isa = PBXBuildFile; fileRef = 84BDB1A62BEAD88000887FB9 /* StateViewModifier+ViewExt.swift */; };
		84BDB1A92BEAEE8400887FB9 /* ErrorViewFactory.swift in Sources */ = {isa = PBXBuildFile; fileRef = 84BDB1A82BEAEE8400887FB9 /* ErrorViewFactory.swift */; };
		84BDB1AB2BEAFDA500887FB9 /* PersistenceError.swift in Sources */ = {isa = PBXBuildFile; fileRef = 84BDB1AA2BEAFDA500887FB9 /* PersistenceError.swift */; };
		84BDB1AE2BEAFFE400887FB9 /* ErrorView.swift in Sources */ = {isa = PBXBuildFile; fileRef = 84BDB1AD2BEAFFE400887FB9 /* ErrorView.swift */; };
		84BDB1B02BEB000100887FB9 /* ErrorModel.swift in Sources */ = {isa = PBXBuildFile; fileRef = 84BDB1AF2BEB000100887FB9 /* ErrorModel.swift */; };
		84BFD6592BE84E3C00A5346A /* TitleWithParagraphView.swift in Sources */ = {isa = PBXBuildFile; fileRef = 84BFD6582BE84E3C00A5346A /* TitleWithParagraphView.swift */; };
		84BFD65B2BE84ED900A5346A /* TitleWithParagraphViewModel.swift in Sources */ = {isa = PBXBuildFile; fileRef = 84BFD65A2BE84ED900A5346A /* TitleWithParagraphViewModel.swift */; };
		84BFD65D2BE944A300A5346A /* FavoritesViewModel.swift in Sources */ = {isa = PBXBuildFile; fileRef = 84BFD65C2BE944A300A5346A /* FavoritesViewModel.swift */; };
		84E2EAF72BEB7B3F004CEC50 /* RepositoryTests.swift in Sources */ = {isa = PBXBuildFile; fileRef = 84E2EAF62BEB7B3F004CEC50 /* RepositoryTests.swift */; };
		84E2EB022BEB8CA1004CEC50 /* Breed+Fixture.swift in Sources */ = {isa = PBXBuildFile; fileRef = 84E2EB012BEB8CA1004CEC50 /* Breed+Fixture.swift */; };
		84E2EB052BEBBC6A004CEC50 /* XCTestCast+AsyncAwait.swift in Sources */ = {isa = PBXBuildFile; fileRef = 84E2EB042BEBBC6A004CEC50 /* XCTestCast+AsyncAwait.swift */; };
		84E4862B2BE9922600A8F156 /* TheCatApp.xcdatamodeld in Sources */ = {isa = PBXBuildFile; fileRef = 84E486292BE9922600A8F156 /* TheCatApp.xcdatamodeld */; };
		84E486312BE993DE00A8F156 /* BreedPersistence.swift in Sources */ = {isa = PBXBuildFile; fileRef = 84E486302BE993DE00A8F156 /* BreedPersistence.swift */; };
/* End PBXBuildFile section */

/* Begin PBXContainerItemProxy section */
		84E2EAF82BEB7B3F004CEC50 /* PBXContainerItemProxy */ = {
			isa = PBXContainerItemProxy;
			containerPortal = 841D5BBB2BE4E4BE00C5EAB1 /* Project object */;
			proxyType = 1;
			remoteGlobalIDString = 841D5BC22BE4E4BE00C5EAB1;
			remoteInfo = TheCatApp;
		};
/* End PBXContainerItemProxy section */

/* Begin PBXFileReference section */
		8418F1E22BE5B1EC001E68F9 /* MainView.swift */ = {isa = PBXFileReference; lastKnownFileType = sourcecode.swift; path = MainView.swift; sourceTree = "<group>"; };
		8418F1E72BE5B413001E68F9 /* BreedListView.swift */ = {isa = PBXFileReference; lastKnownFileType = sourcecode.swift; path = BreedListView.swift; sourceTree = "<group>"; };
		8418F1EA2BE5B461001E68F9 /* FavoriteListView.swift */ = {isa = PBXFileReference; lastKnownFileType = sourcecode.swift; path = FavoriteListView.swift; sourceTree = "<group>"; };
		8418F1ED2BE6705A001E68F9 /* CardItemView.swift */ = {isa = PBXFileReference; lastKnownFileType = sourcecode.swift; path = CardItemView.swift; sourceTree = "<group>"; };
		8418F1EF2BE6A99C001E68F9 /* BreedListViewModel.swift */ = {isa = PBXFileReference; lastKnownFileType = sourcecode.swift; path = BreedListViewModel.swift; sourceTree = "<group>"; };
		841D5BC32BE4E4BE00C5EAB1 /* TheCatApp.app */ = {isa = PBXFileReference; explicitFileType = wrapper.application; includeInIndex = 0; path = TheCatApp.app; sourceTree = BUILT_PRODUCTS_DIR; };
		841D5BC62BE4E4BE00C5EAB1 /* TheCatAppApp.swift */ = {isa = PBXFileReference; lastKnownFileType = sourcecode.swift; path = TheCatAppApp.swift; sourceTree = "<group>"; };
		841D5BCA2BE4E4BF00C5EAB1 /* Assets.xcassets */ = {isa = PBXFileReference; lastKnownFileType = folder.assetcatalog; path = Assets.xcassets; sourceTree = "<group>"; };
		841D5BCD2BE4E4BF00C5EAB1 /* Preview Assets.xcassets */ = {isa = PBXFileReference; lastKnownFileType = folder.assetcatalog; path = "Preview Assets.xcassets"; sourceTree = "<group>"; };
		841D5BD62BE4F78700C5EAB1 /* NetworkService.swift */ = {isa = PBXFileReference; lastKnownFileType = sourcecode.swift; path = NetworkService.swift; sourceTree = "<group>"; };
		841D5BD82BE5025C00C5EAB1 /* Endpoint.swift */ = {isa = PBXFileReference; lastKnownFileType = sourcecode.swift; path = Endpoint.swift; sourceTree = "<group>"; };
		841D5BDE2BE5184C00C5EAB1 /* BreedEndpoint.swift */ = {isa = PBXFileReference; lastKnownFileType = sourcecode.swift; path = BreedEndpoint.swift; sourceTree = "<group>"; };
		841D5BE12BE51A5A00C5EAB1 /* BreedRepository.swift */ = {isa = PBXFileReference; lastKnownFileType = sourcecode.swift; path = BreedRepository.swift; sourceTree = "<group>"; };
		841D5BE42BE51C6600C5EAB1 /* Breed.swift */ = {isa = PBXFileReference; lastKnownFileType = sourcecode.swift; path = Breed.swift; sourceTree = "<group>"; };
		841D5BE62BE5373E00C5EAB1 /* NetworkError.swift */ = {isa = PBXFileReference; lastKnownFileType = sourcecode.swift; path = NetworkError.swift; sourceTree = "<group>"; };
		8436B1552BE8085900A3C398 /* BreedDetailsView.swift */ = {isa = PBXFileReference; lastKnownFileType = sourcecode.swift; path = BreedDetailsView.swift; sourceTree = "<group>"; };
		8436B1572BE8086400A3C398 /* BreedDetailsViewModel.swift */ = {isa = PBXFileReference; lastKnownFileType = sourcecode.swift; path = BreedDetailsViewModel.swift; sourceTree = "<group>"; };
		847019002BE6DA570009D39F /* CardItem.swift */ = {isa = PBXFileReference; lastKnownFileType = sourcecode.swift; path = CardItem.swift; sourceTree = "<group>"; };
		847019052BE70ECB0009D39F /* ViewState.swift */ = {isa = PBXFileReference; lastKnownFileType = sourcecode.swift; path = ViewState.swift; sourceTree = "<group>"; };
		84B45F952BE7DA3800733192 /* FavoriteButton.swift */ = {isa = PBXFileReference; lastKnownFileType = sourcecode.swift; path = FavoriteButton.swift; sourceTree = "<group>"; };
		84B8897D2BEA59FB00341C4A /* BreedPersistenceModel+CoreDataClass.swift */ = {isa = PBXFileReference; lastKnownFileType = sourcecode.swift; path = "BreedPersistenceModel+CoreDataClass.swift"; sourceTree = "<group>"; };
		84B8897E2BEA59FB00341C4A /* BreedPersistenceModel+CoreDataProperties.swift */ = {isa = PBXFileReference; lastKnownFileType = sourcecode.swift; path = "BreedPersistenceModel+CoreDataProperties.swift"; sourceTree = "<group>"; };
		84BDB1A62BEAD88000887FB9 /* StateViewModifier+ViewExt.swift */ = {isa = PBXFileReference; lastKnownFileType = sourcecode.swift; path = "StateViewModifier+ViewExt.swift"; sourceTree = "<group>"; };
		84BDB1A82BEAEE8400887FB9 /* ErrorViewFactory.swift */ = {isa = PBXFileReference; lastKnownFileType = sourcecode.swift; path = ErrorViewFactory.swift; sourceTree = "<group>"; };
		84BDB1AA2BEAFDA500887FB9 /* PersistenceError.swift */ = {isa = PBXFileReference; lastKnownFileType = sourcecode.swift; path = PersistenceError.swift; sourceTree = "<group>"; };
		84BDB1AD2BEAFFE400887FB9 /* ErrorView.swift */ = {isa = PBXFileReference; lastKnownFileType = sourcecode.swift; path = ErrorView.swift; sourceTree = "<group>"; };
		84BDB1AF2BEB000100887FB9 /* ErrorModel.swift */ = {isa = PBXFileReference; lastKnownFileType = sourcecode.swift; path = ErrorModel.swift; sourceTree = "<group>"; };
		84BFD6582BE84E3C00A5346A /* TitleWithParagraphView.swift */ = {isa = PBXFileReference; lastKnownFileType = sourcecode.swift; path = TitleWithParagraphView.swift; sourceTree = "<group>"; };
		84BFD65A2BE84ED900A5346A /* TitleWithParagraphViewModel.swift */ = {isa = PBXFileReference; lastKnownFileType = sourcecode.swift; path = TitleWithParagraphViewModel.swift; sourceTree = "<group>"; };
		84BFD65C2BE944A300A5346A /* FavoritesViewModel.swift */ = {isa = PBXFileReference; lastKnownFileType = sourcecode.swift; path = FavoritesViewModel.swift; sourceTree = "<group>"; };
		84E2EAF42BEB7B3F004CEC50 /* TheCatAppTests.xctest */ = {isa = PBXFileReference; explicitFileType = wrapper.cfbundle; includeInIndex = 0; path = TheCatAppTests.xctest; sourceTree = BUILT_PRODUCTS_DIR; };
		84E2EAF62BEB7B3F004CEC50 /* RepositoryTests.swift */ = {isa = PBXFileReference; lastKnownFileType = sourcecode.swift; path = RepositoryTests.swift; sourceTree = "<group>"; };
		84E2EB012BEB8CA1004CEC50 /* Breed+Fixture.swift */ = {isa = PBXFileReference; lastKnownFileType = sourcecode.swift; path = "Breed+Fixture.swift"; sourceTree = "<group>"; };
		84E2EB042BEBBC6A004CEC50 /* XCTestCast+AsyncAwait.swift */ = {isa = PBXFileReference; fileEncoding = 4; lastKnownFileType = sourcecode.swift; path = "XCTestCast+AsyncAwait.swift"; sourceTree = "<group>"; };
		84E4862A2BE9922600A8F156 /* TheCatApp.xcdatamodel */ = {isa = PBXFileReference; lastKnownFileType = wrapper.xcdatamodel; path = TheCatApp.xcdatamodel; sourceTree = "<group>"; };
		84E486302BE993DE00A8F156 /* BreedPersistence.swift */ = {isa = PBXFileReference; lastKnownFileType = sourcecode.swift; path = BreedPersistence.swift; sourceTree = "<group>"; };
/* End PBXFileReference section */

/* Begin PBXFrameworksBuildPhase section */
		841D5BC02BE4E4BE00C5EAB1 /* Frameworks */ = {
			isa = PBXFrameworksBuildPhase;
			buildActionMask = 2147483647;
			files = (
			);
			runOnlyForDeploymentPostprocessing = 0;
		};
		84E2EAF12BEB7B3F004CEC50 /* Frameworks */ = {
			isa = PBXFrameworksBuildPhase;
			buildActionMask = 2147483647;
			files = (
			);
			runOnlyForDeploymentPostprocessing = 0;
		};
/* End PBXFrameworksBuildPhase section */

/* Begin PBXGroup section */
		8418F1E02BE5B1C6001E68F9 /* Scene */ = {
			isa = PBXGroup;
			children = (
				8436B1542BE8084800A3C398 /* Details */,
				8418F1E12BE5B1D4001E68F9 /* Main */,
				847019022BE70E9D0009D39F /* Shared */,
			);
			path = Scene;
			sourceTree = "<group>";
		};
		8418F1E12BE5B1D4001E68F9 /* Main */ = {
			isa = PBXGroup;
			children = (
				8418F1E92BE5B42E001E68F9 /* FavoritesList */,
				8418F1E62BE5B402001E68F9 /* BreedList */,
				8418F1E22BE5B1EC001E68F9 /* MainView.swift */,
			);
			path = Main;
			sourceTree = "<group>";
		};
		8418F1E62BE5B402001E68F9 /* BreedList */ = {
			isa = PBXGroup;
			children = (
				8418F1E72BE5B413001E68F9 /* BreedListView.swift */,
				8418F1EF2BE6A99C001E68F9 /* BreedListViewModel.swift */,
			);
			path = BreedList;
			sourceTree = "<group>";
		};
		8418F1E92BE5B42E001E68F9 /* FavoritesList */ = {
			isa = PBXGroup;
			children = (
				8418F1EA2BE5B461001E68F9 /* FavoriteListView.swift */,
				84BFD65C2BE944A300A5346A /* FavoritesViewModel.swift */,
			);
			path = FavoritesList;
			sourceTree = "<group>";
		};
		841D5BBA2BE4E4BE00C5EAB1 = {
			isa = PBXGroup;
			children = (
				841D5BC52BE4E4BE00C5EAB1 /* TheCatApp */,
				84E2EAF52BEB7B3F004CEC50 /* TheCatAppTests */,
				841D5BC42BE4E4BE00C5EAB1 /* Products */,
			);
			sourceTree = "<group>";
		};
		841D5BC42BE4E4BE00C5EAB1 /* Products */ = {
			isa = PBXGroup;
			children = (
				841D5BC32BE4E4BE00C5EAB1 /* TheCatApp.app */,
				84E2EAF42BEB7B3F004CEC50 /* TheCatAppTests.xctest */,
			);
			name = Products;
			sourceTree = "<group>";
		};
		841D5BC52BE4E4BE00C5EAB1 /* TheCatApp */ = {
			isa = PBXGroup;
			children = (
				841D5BD42BE4EA3B00C5EAB1 /* Application */,
				84E486282BE9920500A8F156 /* CoreData */,
				841D5BE32BE51C3A00C5EAB1 /* Model */,
				841D5BD52BE4EB7900C5EAB1 /* Network */,
				841D5BE02BE51A3800C5EAB1 /* Repository */,
				8418F1E02BE5B1C6001E68F9 /* Scene */,
				841D5BCC2BE4E4BF00C5EAB1 /* Preview Content */,
			);
			path = TheCatApp;
			sourceTree = "<group>";
		};
		841D5BCC2BE4E4BF00C5EAB1 /* Preview Content */ = {
			isa = PBXGroup;
			children = (
				841D5BCD2BE4E4BF00C5EAB1 /* Preview Assets.xcassets */,
			);
			path = "Preview Content";
			sourceTree = "<group>";
		};
		841D5BD42BE4EA3B00C5EAB1 /* Application */ = {
			isa = PBXGroup;
			children = (
				841D5BCA2BE4E4BF00C5EAB1 /* Assets.xcassets */,
				841D5BC62BE4E4BE00C5EAB1 /* TheCatAppApp.swift */,
			);
			path = Application;
			sourceTree = "<group>";
		};
		841D5BD52BE4EB7900C5EAB1 /* Network */ = {
			isa = PBXGroup;
			children = (
				841D5BDC2BE5182900C5EAB1 /* Endpoints */,
				841D5BE62BE5373E00C5EAB1 /* NetworkError.swift */,
				841D5BD62BE4F78700C5EAB1 /* NetworkService.swift */,
			);
			path = Network;
			sourceTree = "<group>";
		};
		841D5BDC2BE5182900C5EAB1 /* Endpoints */ = {
			isa = PBXGroup;
			children = (
				841D5BD82BE5025C00C5EAB1 /* Endpoint.swift */,
				841D5BDE2BE5184C00C5EAB1 /* BreedEndpoint.swift */,
			);
			path = Endpoints;
			sourceTree = "<group>";
		};
		841D5BE02BE51A3800C5EAB1 /* Repository */ = {
			isa = PBXGroup;
			children = (
				841D5BE12BE51A5A00C5EAB1 /* BreedRepository.swift */,
			);
			path = Repository;
			sourceTree = "<group>";
		};
		841D5BE32BE51C3A00C5EAB1 /* Model */ = {
			isa = PBXGroup;
			children = (
				84F5B7E42BEA590000CCF252 /* PersistenceModel */,
				841D5BE42BE51C6600C5EAB1 /* Breed.swift */,
			);
			path = Model;
			sourceTree = "<group>";
		};
		8436B1542BE8084800A3C398 /* Details */ = {
			isa = PBXGroup;
			children = (
				8436B1552BE8085900A3C398 /* BreedDetailsView.swift */,
				8436B1572BE8086400A3C398 /* BreedDetailsViewModel.swift */,
			);
			path = Details;
			sourceTree = "<group>";
		};
		847018FF2BE6DA4D0009D39F /* CardItem */ = {
			isa = PBXGroup;
			children = (
				847019002BE6DA570009D39F /* CardItem.swift */,
				8418F1ED2BE6705A001E68F9 /* CardItemView.swift */,
			);
			path = CardItem;
			sourceTree = "<group>";
		};
		847019022BE70E9D0009D39F /* Shared */ = {
			isa = PBXGroup;
			children = (
				84BDB1A52BEAD86800887FB9 /* ViewModifiers */,
				847019042BE70EC10009D39F /* Helpers */,
				847019032BE70EB30009D39F /* Views */,
			);
			path = Shared;
			sourceTree = "<group>";
		};
		847019032BE70EB30009D39F /* Views */ = {
			isa = PBXGroup;
			children = (
				84BDB1AC2BEAFFD900887FB9 /* Error View */,
				847018FF2BE6DA4D0009D39F /* CardItem */,
				84B45F942BE7DA2000733192 /* FavoriteButton */,
				84BFD6572BE84E2C00A5346A /* TitleWithParagraph */,
			);
			path = Views;
			sourceTree = "<group>";
		};
		847019042BE70EC10009D39F /* Helpers */ = {
			isa = PBXGroup;
			children = (
				847019052BE70ECB0009D39F /* ViewState.swift */,
				84BDB1A82BEAEE8400887FB9 /* ErrorViewFactory.swift */,
			);
			path = Helpers;
			sourceTree = "<group>";
		};
		84B45F942BE7DA2000733192 /* FavoriteButton */ = {
			isa = PBXGroup;
			children = (
				84B45F952BE7DA3800733192 /* FavoriteButton.swift */,
			);
			path = FavoriteButton;
			sourceTree = "<group>";
		};
		84BDB1A52BEAD86800887FB9 /* ViewModifiers */ = {
			isa = PBXGroup;
			children = (
				84BDB1A62BEAD88000887FB9 /* StateViewModifier+ViewExt.swift */,
			);
			path = ViewModifiers;
			sourceTree = "<group>";
		};
		84BDB1AC2BEAFFD900887FB9 /* Error View */ = {
			isa = PBXGroup;
			children = (
				84BDB1AD2BEAFFE400887FB9 /* ErrorView.swift */,
				84BDB1AF2BEB000100887FB9 /* ErrorModel.swift */,
			);
			path = "Error View";
			sourceTree = "<group>";
		};
		84BFD6572BE84E2C00A5346A /* TitleWithParagraph */ = {
			isa = PBXGroup;
			children = (
				84BFD6582BE84E3C00A5346A /* TitleWithParagraphView.swift */,
				84BFD65A2BE84ED900A5346A /* TitleWithParagraphViewModel.swift */,
			);
			path = TitleWithParagraph;
			sourceTree = "<group>";
		};
		84E2EAF52BEB7B3F004CEC50 /* TheCatAppTests */ = {
			isa = PBXGroup;
			children = (
				84E2EB032BEBBC62004CEC50 /* Helpers */,
				84E2EB002BEB8C86004CEC50 /* Fixtures */,
				84E2EAF62BEB7B3F004CEC50 /* RepositoryTests.swift */,
			);
			path = TheCatAppTests;
			sourceTree = "<group>";
		};
		84E2EB002BEB8C86004CEC50 /* Fixtures */ = {
			isa = PBXGroup;
			children = (
				84E2EB012BEB8CA1004CEC50 /* Breed+Fixture.swift */,
			);
			path = Fixtures;
			sourceTree = "<group>";
		};
		84E2EB032BEBBC62004CEC50 /* Helpers */ = {
			isa = PBXGroup;
			children = (
				84E2EB042BEBBC6A004CEC50 /* XCTestCast+AsyncAwait.swift */,
			);
			path = Helpers;
			sourceTree = "<group>";
		};
		84E486282BE9920500A8F156 /* CoreData */ = {
			isa = PBXGroup;
			children = (
				84E486302BE993DE00A8F156 /* BreedPersistence.swift */,
				84BDB1AA2BEAFDA500887FB9 /* PersistenceError.swift */,
				84E486292BE9922600A8F156 /* TheCatApp.xcdatamodeld */,
			);
			path = CoreData;
			sourceTree = "<group>";
		};
		84F5B7E42BEA590000CCF252 /* PersistenceModel */ = {
			isa = PBXGroup;
			children = (
				84B8897D2BEA59FB00341C4A /* BreedPersistenceModel+CoreDataClass.swift */,
				84B8897E2BEA59FB00341C4A /* BreedPersistenceModel+CoreDataProperties.swift */,
			);
			path = PersistenceModel;
			sourceTree = "<group>";
		};
/* End PBXGroup section */

/* Begin PBXNativeTarget section */
		841D5BC22BE4E4BE00C5EAB1 /* TheCatApp */ = {
			isa = PBXNativeTarget;
			buildConfigurationList = 841D5BD12BE4E4BF00C5EAB1 /* Build configuration list for PBXNativeTarget "TheCatApp" */;
			buildPhases = (
				841D5BBF2BE4E4BE00C5EAB1 /* Sources */,
				841D5BC02BE4E4BE00C5EAB1 /* Frameworks */,
				841D5BC12BE4E4BE00C5EAB1 /* Resources */,
			);
			buildRules = (
			);
			dependencies = (
			);
			name = TheCatApp;
			productName = TheCatApp;
			productReference = 841D5BC32BE4E4BE00C5EAB1 /* TheCatApp.app */;
			productType = "com.apple.product-type.application";
		};
		84E2EAF32BEB7B3F004CEC50 /* TheCatAppTests */ = {
			isa = PBXNativeTarget;
			buildConfigurationList = 84E2EAFC2BEB7B3F004CEC50 /* Build configuration list for PBXNativeTarget "TheCatAppTests" */;
			buildPhases = (
				84E2EAF02BEB7B3F004CEC50 /* Sources */,
				84E2EAF12BEB7B3F004CEC50 /* Frameworks */,
				84E2EAF22BEB7B3F004CEC50 /* Resources */,
			);
			buildRules = (
			);
			dependencies = (
				84E2EAF92BEB7B3F004CEC50 /* PBXTargetDependency */,
			);
			name = TheCatAppTests;
			productName = TheCatAppTests;
			productReference = 84E2EAF42BEB7B3F004CEC50 /* TheCatAppTests.xctest */;
			productType = "com.apple.product-type.bundle.unit-test";
		};
/* End PBXNativeTarget section */

/* Begin PBXProject section */
		841D5BBB2BE4E4BE00C5EAB1 /* Project object */ = {
			isa = PBXProject;
			attributes = {
				BuildIndependentTargetsInParallel = 1;
				LastSwiftUpdateCheck = 1530;
				LastUpgradeCheck = 1530;
				TargetAttributes = {
					841D5BC22BE4E4BE00C5EAB1 = {
						CreatedOnToolsVersion = 15.3;
					};
					84E2EAF32BEB7B3F004CEC50 = {
						CreatedOnToolsVersion = 15.3;
						TestTargetID = 841D5BC22BE4E4BE00C5EAB1;
					};
				};
			};
			buildConfigurationList = 841D5BBE2BE4E4BE00C5EAB1 /* Build configuration list for PBXProject "TheCatApp" */;
			compatibilityVersion = "Xcode 14.0";
			developmentRegion = en;
			hasScannedForEncodings = 0;
			knownRegions = (
				en,
				Base,
			);
			mainGroup = 841D5BBA2BE4E4BE00C5EAB1;
			productRefGroup = 841D5BC42BE4E4BE00C5EAB1 /* Products */;
			projectDirPath = "";
			projectRoot = "";
			targets = (
				841D5BC22BE4E4BE00C5EAB1 /* TheCatApp */,
				84E2EAF32BEB7B3F004CEC50 /* TheCatAppTests */,
			);
		};
/* End PBXProject section */

/* Begin PBXResourcesBuildPhase section */
		841D5BC12BE4E4BE00C5EAB1 /* Resources */ = {
			isa = PBXResourcesBuildPhase;
			buildActionMask = 2147483647;
			files = (
				841D5BCE2BE4E4BF00C5EAB1 /* Preview Assets.xcassets in Resources */,
				841D5BCB2BE4E4BF00C5EAB1 /* Assets.xcassets in Resources */,
			);
			runOnlyForDeploymentPostprocessing = 0;
		};
		84E2EAF22BEB7B3F004CEC50 /* Resources */ = {
			isa = PBXResourcesBuildPhase;
			buildActionMask = 2147483647;
			files = (
			);
			runOnlyForDeploymentPostprocessing = 0;
		};
/* End PBXResourcesBuildPhase section */

/* Begin PBXSourcesBuildPhase section */
		841D5BBF2BE4E4BE00C5EAB1 /* Sources */ = {
			isa = PBXSourcesBuildPhase;
			buildActionMask = 2147483647;
			files = (
				84BFD65B2BE84ED900A5346A /* TitleWithParagraphViewModel.swift in Sources */,
				841D5BE52BE51C6600C5EAB1 /* Breed.swift in Sources */,
				8436B1562BE8085900A3C398 /* BreedDetailsView.swift in Sources */,
				8418F1E82BE5B413001E68F9 /* BreedListView.swift in Sources */,
				84B45F962BE7DA3800733192 /* FavoriteButton.swift in Sources */,
				8418F1E32BE5B1EC001E68F9 /* MainView.swift in Sources */,
				841D5BD72BE4F78700C5EAB1 /* NetworkService.swift in Sources */,
				84BFD6592BE84E3C00A5346A /* TitleWithParagraphView.swift in Sources */,
				841D5BD92BE5025C00C5EAB1 /* Endpoint.swift in Sources */,
				8436B1582BE8086400A3C398 /* BreedDetailsViewModel.swift in Sources */,
				8418F1F02BE6A99C001E68F9 /* BreedListViewModel.swift in Sources */,
				84BDB1A72BEAD88000887FB9 /* StateViewModifier+ViewExt.swift in Sources */,
				841D5BDF2BE5184C00C5EAB1 /* BreedEndpoint.swift in Sources */,
				84E486312BE993DE00A8F156 /* BreedPersistence.swift in Sources */,
				847019062BE70ECB0009D39F /* ViewState.swift in Sources */,
				841D5BE72BE5373E00C5EAB1 /* NetworkError.swift in Sources */,
				84B8897F2BEA59FB00341C4A /* BreedPersistenceModel+CoreDataClass.swift in Sources */,
				84B889802BEA59FB00341C4A /* BreedPersistenceModel+CoreDataProperties.swift in Sources */,
				84BFD65D2BE944A300A5346A /* FavoritesViewModel.swift in Sources */,
				841D5BC72BE4E4BE00C5EAB1 /* TheCatAppApp.swift in Sources */,
				841D5BE22BE51A5A00C5EAB1 /* BreedRepository.swift in Sources */,
				8418F1EE2BE6705A001E68F9 /* CardItemView.swift in Sources */,
				847019012BE6DA570009D39F /* CardItem.swift in Sources */,
				84BDB1AE2BEAFFE400887FB9 /* ErrorView.swift in Sources */,
				84E4862B2BE9922600A8F156 /* TheCatApp.xcdatamodeld in Sources */,
				84BDB1B02BEB000100887FB9 /* ErrorModel.swift in Sources */,
				8418F1EB2BE5B461001E68F9 /* FavoriteListView.swift in Sources */,
				84BDB1AB2BEAFDA500887FB9 /* PersistenceError.swift in Sources */,
				84BDB1A92BEAEE8400887FB9 /* ErrorViewFactory.swift in Sources */,
			);
			runOnlyForDeploymentPostprocessing = 0;
		};
		84E2EAF02BEB7B3F004CEC50 /* Sources */ = {
			isa = PBXSourcesBuildPhase;
			buildActionMask = 2147483647;
			files = (
				84E2EB022BEB8CA1004CEC50 /* Breed+Fixture.swift in Sources */,
				84E2EAF72BEB7B3F004CEC50 /* RepositoryTests.swift in Sources */,
				84E2EB052BEBBC6A004CEC50 /* XCTestCast+AsyncAwait.swift in Sources */,
			);
			runOnlyForDeploymentPostprocessing = 0;
		};
/* End PBXSourcesBuildPhase section */

/* Begin PBXTargetDependency section */
		84E2EAF92BEB7B3F004CEC50 /* PBXTargetDependency */ = {
			isa = PBXTargetDependency;
			target = 841D5BC22BE4E4BE00C5EAB1 /* TheCatApp */;
			targetProxy = 84E2EAF82BEB7B3F004CEC50 /* PBXContainerItemProxy */;
		};
/* End PBXTargetDependency section */

/* Begin XCBuildConfiguration section */
		841D5BCF2BE4E4BF00C5EAB1 /* Debug */ = {
			isa = XCBuildConfiguration;
			buildSettings = {
				ALWAYS_SEARCH_USER_PATHS = NO;
				ASSETCATALOG_COMPILER_GENERATE_SWIFT_ASSET_SYMBOL_EXTENSIONS = YES;
				CLANG_ANALYZER_NONNULL = YES;
				CLANG_ANALYZER_NUMBER_OBJECT_CONVERSION = YES_AGGRESSIVE;
				CLANG_CXX_LANGUAGE_STANDARD = "gnu++20";
				CLANG_ENABLE_MODULES = YES;
				CLANG_ENABLE_OBJC_ARC = YES;
				CLANG_ENABLE_OBJC_WEAK = YES;
				CLANG_WARN_BLOCK_CAPTURE_AUTORELEASING = YES;
				CLANG_WARN_BOOL_CONVERSION = YES;
				CLANG_WARN_COMMA = YES;
				CLANG_WARN_CONSTANT_CONVERSION = YES;
				CLANG_WARN_DEPRECATED_OBJC_IMPLEMENTATIONS = YES;
				CLANG_WARN_DIRECT_OBJC_ISA_USAGE = YES_ERROR;
				CLANG_WARN_DOCUMENTATION_COMMENTS = YES;
				CLANG_WARN_EMPTY_BODY = YES;
				CLANG_WARN_ENUM_CONVERSION = YES;
				CLANG_WARN_INFINITE_RECURSION = YES;
				CLANG_WARN_INT_CONVERSION = YES;
				CLANG_WARN_NON_LITERAL_NULL_CONVERSION = YES;
				CLANG_WARN_OBJC_IMPLICIT_RETAIN_SELF = YES;
				CLANG_WARN_OBJC_LITERAL_CONVERSION = YES;
				CLANG_WARN_OBJC_ROOT_CLASS = YES_ERROR;
				CLANG_WARN_QUOTED_INCLUDE_IN_FRAMEWORK_HEADER = YES;
				CLANG_WARN_RANGE_LOOP_ANALYSIS = YES;
				CLANG_WARN_STRICT_PROTOTYPES = YES;
				CLANG_WARN_SUSPICIOUS_MOVE = YES;
				CLANG_WARN_UNGUARDED_AVAILABILITY = YES_AGGRESSIVE;
				CLANG_WARN_UNREACHABLE_CODE = YES;
				CLANG_WARN__DUPLICATE_METHOD_MATCH = YES;
				COPY_PHASE_STRIP = NO;
				DEBUG_INFORMATION_FORMAT = dwarf;
				ENABLE_STRICT_OBJC_MSGSEND = YES;
				ENABLE_TESTABILITY = YES;
				ENABLE_USER_SCRIPT_SANDBOXING = YES;
				GCC_C_LANGUAGE_STANDARD = gnu17;
				GCC_DYNAMIC_NO_PIC = NO;
				GCC_NO_COMMON_BLOCKS = YES;
				GCC_OPTIMIZATION_LEVEL = 0;
				GCC_PREPROCESSOR_DEFINITIONS = (
					"DEBUG=1",
					"$(inherited)",
				);
				GCC_WARN_64_TO_32_BIT_CONVERSION = YES;
				GCC_WARN_ABOUT_RETURN_TYPE = YES_ERROR;
				GCC_WARN_UNDECLARED_SELECTOR = YES;
				GCC_WARN_UNINITIALIZED_AUTOS = YES_AGGRESSIVE;
				GCC_WARN_UNUSED_FUNCTION = YES;
				GCC_WARN_UNUSED_VARIABLE = YES;
				IPHONEOS_DEPLOYMENT_TARGET = 16.0;
				LOCALIZATION_PREFERS_STRING_CATALOGS = YES;
				MTL_ENABLE_DEBUG_INFO = INCLUDE_SOURCE;
				MTL_FAST_MATH = YES;
				ONLY_ACTIVE_ARCH = YES;
				SDKROOT = iphoneos;
				SWIFT_ACTIVE_COMPILATION_CONDITIONS = "DEBUG $(inherited)";
				SWIFT_OPTIMIZATION_LEVEL = "-Onone";
			};
			name = Debug;
		};
		841D5BD02BE4E4BF00C5EAB1 /* Release */ = {
			isa = XCBuildConfiguration;
			buildSettings = {
				ALWAYS_SEARCH_USER_PATHS = NO;
				ASSETCATALOG_COMPILER_GENERATE_SWIFT_ASSET_SYMBOL_EXTENSIONS = YES;
				CLANG_ANALYZER_NONNULL = YES;
				CLANG_ANALYZER_NUMBER_OBJECT_CONVERSION = YES_AGGRESSIVE;
				CLANG_CXX_LANGUAGE_STANDARD = "gnu++20";
				CLANG_ENABLE_MODULES = YES;
				CLANG_ENABLE_OBJC_ARC = YES;
				CLANG_ENABLE_OBJC_WEAK = YES;
				CLANG_WARN_BLOCK_CAPTURE_AUTORELEASING = YES;
				CLANG_WARN_BOOL_CONVERSION = YES;
				CLANG_WARN_COMMA = YES;
				CLANG_WARN_CONSTANT_CONVERSION = YES;
				CLANG_WARN_DEPRECATED_OBJC_IMPLEMENTATIONS = YES;
				CLANG_WARN_DIRECT_OBJC_ISA_USAGE = YES_ERROR;
				CLANG_WARN_DOCUMENTATION_COMMENTS = YES;
				CLANG_WARN_EMPTY_BODY = YES;
				CLANG_WARN_ENUM_CONVERSION = YES;
				CLANG_WARN_INFINITE_RECURSION = YES;
				CLANG_WARN_INT_CONVERSION = YES;
				CLANG_WARN_NON_LITERAL_NULL_CONVERSION = YES;
				CLANG_WARN_OBJC_IMPLICIT_RETAIN_SELF = YES;
				CLANG_WARN_OBJC_LITERAL_CONVERSION = YES;
				CLANG_WARN_OBJC_ROOT_CLASS = YES_ERROR;
				CLANG_WARN_QUOTED_INCLUDE_IN_FRAMEWORK_HEADER = YES;
				CLANG_WARN_RANGE_LOOP_ANALYSIS = YES;
				CLANG_WARN_STRICT_PROTOTYPES = YES;
				CLANG_WARN_SUSPICIOUS_MOVE = YES;
				CLANG_WARN_UNGUARDED_AVAILABILITY = YES_AGGRESSIVE;
				CLANG_WARN_UNREACHABLE_CODE = YES;
				CLANG_WARN__DUPLICATE_METHOD_MATCH = YES;
				COPY_PHASE_STRIP = NO;
				DEBUG_INFORMATION_FORMAT = "dwarf-with-dsym";
				ENABLE_NS_ASSERTIONS = NO;
				ENABLE_STRICT_OBJC_MSGSEND = YES;
				ENABLE_USER_SCRIPT_SANDBOXING = YES;
				GCC_C_LANGUAGE_STANDARD = gnu17;
				GCC_NO_COMMON_BLOCKS = YES;
				GCC_WARN_64_TO_32_BIT_CONVERSION = YES;
				GCC_WARN_ABOUT_RETURN_TYPE = YES_ERROR;
				GCC_WARN_UNDECLARED_SELECTOR = YES;
				GCC_WARN_UNINITIALIZED_AUTOS = YES_AGGRESSIVE;
				GCC_WARN_UNUSED_FUNCTION = YES;
				GCC_WARN_UNUSED_VARIABLE = YES;
				IPHONEOS_DEPLOYMENT_TARGET = 16.0;
				LOCALIZATION_PREFERS_STRING_CATALOGS = YES;
				MTL_ENABLE_DEBUG_INFO = NO;
				MTL_FAST_MATH = YES;
				SDKROOT = iphoneos;
				SWIFT_COMPILATION_MODE = wholemodule;
				VALIDATE_PRODUCT = YES;
			};
			name = Release;
		};
		841D5BD22BE4E4BF00C5EAB1 /* Debug */ = {
			isa = XCBuildConfiguration;
			buildSettings = {
				ASSETCATALOG_COMPILER_APPICON_NAME = AppIcon;
				ASSETCATALOG_COMPILER_GLOBAL_ACCENT_COLOR_NAME = AccentColor;
				CODE_SIGN_STYLE = Automatic;
				CURRENT_PROJECT_VERSION = 1;
				DEVELOPMENT_ASSET_PATHS = "\"TheCatApp/Preview Content\"";
				ENABLE_PREVIEWS = YES;
				GENERATE_INFOPLIST_FILE = YES;
				INFOPLIST_KEY_UIApplicationSceneManifest_Generation = YES;
				INFOPLIST_KEY_UIApplicationSupportsIndirectInputEvents = YES;
				INFOPLIST_KEY_UILaunchScreen_Generation = YES;
				INFOPLIST_KEY_UISupportedInterfaceOrientations_iPad = "UIInterfaceOrientationPortrait UIInterfaceOrientationPortraitUpsideDown UIInterfaceOrientationLandscapeLeft UIInterfaceOrientationLandscapeRight";
				INFOPLIST_KEY_UISupportedInterfaceOrientations_iPhone = "UIInterfaceOrientationPortrait UIInterfaceOrientationLandscapeLeft UIInterfaceOrientationLandscapeRight";
				LD_RUNPATH_SEARCH_PATHS = (
					"$(inherited)",
					"@executable_path/Frameworks",
				);
				MARKETING_VERSION = 1.0;
				PRODUCT_BUNDLE_IDENTIFIER = com.revangelista.TheCatApp;
				PRODUCT_NAME = "$(TARGET_NAME)";
				SUPPORTED_PLATFORMS = "iphoneos iphonesimulator";
				SUPPORTS_MACCATALYST = NO;
				SUPPORTS_MAC_DESIGNED_FOR_IPHONE_IPAD = NO;
				SUPPORTS_XR_DESIGNED_FOR_IPHONE_IPAD = NO;
				SWIFT_EMIT_LOC_STRINGS = YES;
				SWIFT_VERSION = 5.0;
				TARGETED_DEVICE_FAMILY = 1;
			};
			name = Debug;
		};
		841D5BD32BE4E4BF00C5EAB1 /* Release */ = {
			isa = XCBuildConfiguration;
			buildSettings = {
				ASSETCATALOG_COMPILER_APPICON_NAME = AppIcon;
				ASSETCATALOG_COMPILER_GLOBAL_ACCENT_COLOR_NAME = AccentColor;
				CODE_SIGN_STYLE = Automatic;
				CURRENT_PROJECT_VERSION = 1;
				DEVELOPMENT_ASSET_PATHS = "\"TheCatApp/Preview Content\"";
				ENABLE_PREVIEWS = YES;
				GENERATE_INFOPLIST_FILE = YES;
				INFOPLIST_KEY_UIApplicationSceneManifest_Generation = YES;
				INFOPLIST_KEY_UIApplicationSupportsIndirectInputEvents = YES;
				INFOPLIST_KEY_UILaunchScreen_Generation = YES;
				INFOPLIST_KEY_UISupportedInterfaceOrientations_iPad = "UIInterfaceOrientationPortrait UIInterfaceOrientationPortraitUpsideDown UIInterfaceOrientationLandscapeLeft UIInterfaceOrientationLandscapeRight";
				INFOPLIST_KEY_UISupportedInterfaceOrientations_iPhone = "UIInterfaceOrientationPortrait UIInterfaceOrientationLandscapeLeft UIInterfaceOrientationLandscapeRight";
				LD_RUNPATH_SEARCH_PATHS = (
					"$(inherited)",
					"@executable_path/Frameworks",
				);
				MARKETING_VERSION = 1.0;
				PRODUCT_BUNDLE_IDENTIFIER = com.revangelista.TheCatApp;
				PRODUCT_NAME = "$(TARGET_NAME)";
				SUPPORTED_PLATFORMS = "iphoneos iphonesimulator";
				SUPPORTS_MACCATALYST = NO;
				SUPPORTS_MAC_DESIGNED_FOR_IPHONE_IPAD = NO;
				SUPPORTS_XR_DESIGNED_FOR_IPHONE_IPAD = NO;
				SWIFT_EMIT_LOC_STRINGS = YES;
				SWIFT_VERSION = 5.0;
				TARGETED_DEVICE_FAMILY = 1;
			};
			name = Release;
		};
		84E2EAFA2BEB7B3F004CEC50 /* Debug */ = {
			isa = XCBuildConfiguration;
			buildSettings = {
				BUNDLE_LOADER = "$(TEST_HOST)";
				CODE_SIGN_STYLE = Automatic;
				CURRENT_PROJECT_VERSION = 1;
				GENERATE_INFOPLIST_FILE = YES;
				IPHONEOS_DEPLOYMENT_TARGET = 17.4;
				MARKETING_VERSION = 1.0;
				PRODUCT_BUNDLE_IDENTIFIER = com.revangelista.TheCatAppTests;
				PRODUCT_NAME = "$(TARGET_NAME)";
				SWIFT_EMIT_LOC_STRINGS = NO;
				SWIFT_VERSION = 5.0;
				TARGETED_DEVICE_FAMILY = "1,2";
				TEST_HOST = "$(BUILT_PRODUCTS_DIR)/TheCatApp.app/$(BUNDLE_EXECUTABLE_FOLDER_PATH)/TheCatApp";
			};
			name = Debug;
		};
		84E2EAFB2BEB7B3F004CEC50 /* Release */ = {
			isa = XCBuildConfiguration;
			buildSettings = {
				BUNDLE_LOADER = "$(TEST_HOST)";
				CODE_SIGN_STYLE = Automatic;
				CURRENT_PROJECT_VERSION = 1;
				GENERATE_INFOPLIST_FILE = YES;
				IPHONEOS_DEPLOYMENT_TARGET = 17.4;
				MARKETING_VERSION = 1.0;
				PRODUCT_BUNDLE_IDENTIFIER = com.revangelista.TheCatAppTests;
				PRODUCT_NAME = "$(TARGET_NAME)";
				SWIFT_EMIT_LOC_STRINGS = NO;
				SWIFT_VERSION = 5.0;
				TARGETED_DEVICE_FAMILY = "1,2";
				TEST_HOST = "$(BUILT_PRODUCTS_DIR)/TheCatApp.app/$(BUNDLE_EXECUTABLE_FOLDER_PATH)/TheCatApp";
			};
			name = Release;
		};
/* End XCBuildConfiguration section */

/* Begin XCConfigurationList section */
		841D5BBE2BE4E4BE00C5EAB1 /* Build configuration list for PBXProject "TheCatApp" */ = {
			isa = XCConfigurationList;
			buildConfigurations = (
				841D5BCF2BE4E4BF00C5EAB1 /* Debug */,
				841D5BD02BE4E4BF00C5EAB1 /* Release */,
			);
			defaultConfigurationIsVisible = 0;
			defaultConfigurationName = Release;
		};
		841D5BD12BE4E4BF00C5EAB1 /* Build configuration list for PBXNativeTarget "TheCatApp" */ = {
			isa = XCConfigurationList;
			buildConfigurations = (
				841D5BD22BE4E4BF00C5EAB1 /* Debug */,
				841D5BD32BE4E4BF00C5EAB1 /* Release */,
			);
			defaultConfigurationIsVisible = 0;
			defaultConfigurationName = Release;
		};
		84E2EAFC2BEB7B3F004CEC50 /* Build configuration list for PBXNativeTarget "TheCatAppTests" */ = {
			isa = XCConfigurationList;
			buildConfigurations = (
				84E2EAFA2BEB7B3F004CEC50 /* Debug */,
				84E2EAFB2BEB7B3F004CEC50 /* Release */,
			);
			defaultConfigurationIsVisible = 0;
			defaultConfigurationName = Release;
		};
/* End XCConfigurationList section */

/* Begin XCVersionGroup section */
		84E486292BE9922600A8F156 /* TheCatApp.xcdatamodeld */ = {
			isa = XCVersionGroup;
			children = (
				84E4862A2BE9922600A8F156 /* TheCatApp.xcdatamodel */,
			);
			currentVersion = 84E4862A2BE9922600A8F156 /* TheCatApp.xcdatamodel */;
			name = TheCatApp.xcdatamodeld;
			path = /Users/admin/Developer/TheCatApp/TheCatApp/CoreData/TheCatApp.xcdatamodeld;
			sourceTree = "<group>";
			versionGroupType = wrapper.xcdatamodel;
		};
/* End XCVersionGroup section */
	};
	rootObject = 841D5BBB2BE4E4BE00C5EAB1 /* Project object */;
}
